
Microsoft Visual Studio Solution File, Format Version 12.00
# Visual Studio Version 17
VisualStudioVersion = 17.9.34728.123
MinimumVisualStudioVersion = 10.0.40219.1
Project("{FAE04EC0-301F-11D3-BF4B-00C04F79EFBC}") = "ExcerLife", "ExcerLife.csproj", "{C59C5A53-3FBE-449F-8BC6-02E54B970718}"
EndProject
Global
	GlobalSection(SolutionConfigurationPlatforms) = preSolution
		Debug|Any CPU = Debug|Any CPU
		Release|Any CPU = Release|Any CPU
	EndGlobalSection
	GlobalSection(ProjectConfigurationPlatforms) = postSolution
		{C59C5A53-3FBE-449F-8BC6-02E54B970718}.Debug|Any CPU.ActiveCfg = Debug|Any CPU
		{C59C5A53-3FBE-449F-8BC6-02E54B970718}.Debug|Any CPU.Build.0 = Debug|Any CPU
		{C59C5A53-3FBE-449F-8BC6-02E54B970718}.Release|Any CPU.ActiveCfg = Release|Any CPU
		{C59C5A53-3FBE-449F-8BC6-02E54B970718}.Release|Any CPU.Build.0 = Release|Any CPU
	EndGlobalSection
	GlobalSection(SolutionProperties) = preSolution
		HideSolutionNode = FALSE
	EndGlobalSection
	GlobalSection(ExtensibilityGlobals) = postSolution
		SolutionGuid = {E188B75A-F12A-4D12-A5BA-47E5791B5CB7}
	EndGlobalSection
EndGlobal
